// !$*UTF8*$!
{
	archiveVersion = 1;
	classes = {
	};
	objectVersion = 51;
	objects = {

/* Begin PBXBuildFile section */
		0630AAC8259009B400DF7667 /* Extension+CALayer.swift in Sources */ = {isa = PBXBuildFile; fileRef = 0630AAC7259009B400DF7667 /* Extension+CALayer.swift */; };
		0630AACB25900C4600DF7667 /* Extension+UIColor.swift in Sources */ = {isa = PBXBuildFile; fileRef = 0630AACA25900C4600DF7667 /* Extension+UIColor.swift */; };
		0630AACF259D2BDF00DF7667 /* EventViewController.swift in Sources */ = {isa = PBXBuildFile; fileRef = 0630AACE259D2BDF00DF7667 /* EventViewController.swift */; };
		0630AAD3259D2BEE00DF7667 /* EventView.swift in Sources */ = {isa = PBXBuildFile; fileRef = 0630AAD2259D2BEE00DF7667 /* EventView.swift */; };
		0630AB0025A0540D00DF7667 /* AlphaLayerView.swift in Sources */ = {isa = PBXBuildFile; fileRef = 0630AAFF25A0540D00DF7667 /* AlphaLayerView.swift */; };
		0630AB0425A155C900DF7667 /* GoogleService-Info.plist in Resources */ = {isa = PBXBuildFile; fileRef = 0630AB0325A155C900DF7667 /* GoogleService-Info.plist */; };
		0630ABB925A1906500DF7667 /* APIResult.swift in Sources */ = {isa = PBXBuildFile; fileRef = 0630ABB825A1906500DF7667 /* APIResult.swift */; };
		0630ABBC25A1C9DD00DF7667 /* FirebaseLayer.swift in Sources */ = {isa = PBXBuildFile; fileRef = 0630ABBB25A1C9DD00DF7667 /* FirebaseLayer.swift */; };
		0630ABC025A3FB4000DF7667 /* JSONDecoder+Extension.swift in Sources */ = {isa = PBXBuildFile; fileRef = 0630ABBF25A3FB4000DF7667 /* JSONDecoder+Extension.swift */; };
		0630ABE925A40CC900DF7667 /* EventDataSource.swift in Sources */ = {isa = PBXBuildFile; fileRef = 0630ABE825A40CC900DF7667 /* EventDataSource.swift */; };
		06DA1D6D258C039C00AD2BD1 /* AppDelegate.swift in Sources */ = {isa = PBXBuildFile; fileRef = 06DA1D6C258C039C00AD2BD1 /* AppDelegate.swift */; };
		06DA1D6F258C039C00AD2BD1 /* SceneDelegate.swift in Sources */ = {isa = PBXBuildFile; fileRef = 06DA1D6E258C039C00AD2BD1 /* SceneDelegate.swift */; };
		06DA1D71258C039C00AD2BD1 /* HomeViewController.swift in Sources */ = {isa = PBXBuildFile; fileRef = 06DA1D70258C039C00AD2BD1 /* HomeViewController.swift */; };
		06DA1D74258C039C00AD2BD1 /* Main.storyboard in Resources */ = {isa = PBXBuildFile; fileRef = 06DA1D72258C039C00AD2BD1 /* Main.storyboard */; };
		06DA1D76258C039D00AD2BD1 /* Assets.xcassets in Resources */ = {isa = PBXBuildFile; fileRef = 06DA1D75258C039D00AD2BD1 /* Assets.xcassets */; };
		06DA1D79258C039D00AD2BD1 /* LaunchScreen.storyboard in Resources */ = {isa = PBXBuildFile; fileRef = 06DA1D77258C039D00AD2BD1 /* LaunchScreen.storyboard */; };
		06DA1D83258C944100AD2BD1 /* HomeView.swift in Sources */ = {isa = PBXBuildFile; fileRef = 06DA1D82258C944100AD2BD1 /* HomeView.swift */; };
		06DA1D88258CA83400AD2BD1 /* Extension+UIView.swift in Sources */ = {isa = PBXBuildFile; fileRef = 06DA1D87258CA83400AD2BD1 /* Extension+UIView.swift */; };
		06F6E193258E078B00CD48CC /* EventCell.swift in Sources */ = {isa = PBXBuildFile; fileRef = 06F6E192258E078B00CD48CC /* EventCell.swift */; };
		3440C3B0A98E7B371B692786 /* Pods_Fetch_Rewards.framework in Frameworks */ = {isa = PBXBuildFile; fileRef = E8A213E059A8E9D12023B0DE /* Pods_Fetch_Rewards.framework */; };
/* End PBXBuildFile section */

/* Begin PBXFileReference section */
		0630AAC7259009B400DF7667 /* Extension+CALayer.swift */ = {isa = PBXFileReference; lastKnownFileType = sourcecode.swift; path = "Extension+CALayer.swift"; sourceTree = "<group>"; };
		0630AACA25900C4600DF7667 /* Extension+UIColor.swift */ = {isa = PBXFileReference; lastKnownFileType = sourcecode.swift; path = "Extension+UIColor.swift"; sourceTree = "<group>"; };
		0630AACE259D2BDF00DF7667 /* EventViewController.swift */ = {isa = PBXFileReference; lastKnownFileType = sourcecode.swift; path = EventViewController.swift; sourceTree = "<group>"; };
		0630AAD2259D2BEE00DF7667 /* EventView.swift */ = {isa = PBXFileReference; lastKnownFileType = sourcecode.swift; path = EventView.swift; sourceTree = "<group>"; };
		0630AAFF25A0540D00DF7667 /* AlphaLayerView.swift */ = {isa = PBXFileReference; lastKnownFileType = sourcecode.swift; path = AlphaLayerView.swift; sourceTree = "<group>"; };
		0630AB0325A155C900DF7667 /* GoogleService-Info.plist */ = {isa = PBXFileReference; fileEncoding = 4; lastKnownFileType = text.plist.xml; path = "GoogleService-Info.plist"; sourceTree = "<group>"; };
		0630ABB825A1906500DF7667 /* APIResult.swift */ = {isa = PBXFileReference; lastKnownFileType = sourcecode.swift; path = APIResult.swift; sourceTree = "<group>"; };
		0630ABBB25A1C9DD00DF7667 /* FirebaseLayer.swift */ = {isa = PBXFileReference; lastKnownFileType = sourcecode.swift; path = FirebaseLayer.swift; sourceTree = "<group>"; };
		0630ABBF25A3FB4000DF7667 /* JSONDecoder+Extension.swift */ = {isa = PBXFileReference; lastKnownFileType = sourcecode.swift; path = "JSONDecoder+Extension.swift"; sourceTree = "<group>"; };
		0630ABE825A40CC900DF7667 /* EventDataSource.swift */ = {isa = PBXFileReference; lastKnownFileType = sourcecode.swift; path = EventDataSource.swift; sourceTree = "<group>"; };
		06DA1D69258C039C00AD2BD1 /* Fetch Rewards.app */ = {isa = PBXFileReference; explicitFileType = wrapper.application; includeInIndex = 0; path = "Fetch Rewards.app"; sourceTree = BUILT_PRODUCTS_DIR; };
		06DA1D6C258C039C00AD2BD1 /* AppDelegate.swift */ = {isa = PBXFileReference; lastKnownFileType = sourcecode.swift; path = AppDelegate.swift; sourceTree = "<group>"; };
		06DA1D6E258C039C00AD2BD1 /* SceneDelegate.swift */ = {isa = PBXFileReference; lastKnownFileType = sourcecode.swift; path = SceneDelegate.swift; sourceTree = "<group>"; };
		06DA1D70258C039C00AD2BD1 /* HomeViewController.swift */ = {isa = PBXFileReference; lastKnownFileType = sourcecode.swift; path = HomeViewController.swift; sourceTree = "<group>"; };
		06DA1D73258C039C00AD2BD1 /* Base */ = {isa = PBXFileReference; lastKnownFileType = file.storyboard; name = Base; path = Base.lproj/Main.storyboard; sourceTree = "<group>"; };
		06DA1D75258C039D00AD2BD1 /* Assets.xcassets */ = {isa = PBXFileReference; lastKnownFileType = folder.assetcatalog; path = Assets.xcassets; sourceTree = "<group>"; };
		06DA1D78258C039D00AD2BD1 /* Base */ = {isa = PBXFileReference; lastKnownFileType = file.storyboard; name = Base; path = Base.lproj/LaunchScreen.storyboard; sourceTree = "<group>"; };
		06DA1D7A258C039D00AD2BD1 /* Info.plist */ = {isa = PBXFileReference; lastKnownFileType = text.plist.xml; path = Info.plist; sourceTree = "<group>"; };
		06DA1D82258C944100AD2BD1 /* HomeView.swift */ = {isa = PBXFileReference; lastKnownFileType = sourcecode.swift; path = HomeView.swift; sourceTree = "<group>"; };
		06DA1D87258CA83400AD2BD1 /* Extension+UIView.swift */ = {isa = PBXFileReference; lastKnownFileType = sourcecode.swift; path = "Extension+UIView.swift"; sourceTree = "<group>"; };
		06F6E192258E078B00CD48CC /* EventCell.swift */ = {isa = PBXFileReference; lastKnownFileType = sourcecode.swift; path = EventCell.swift; sourceTree = "<group>"; };
		42BAF41AD3D426CD88432E19 /* Pods-Fetch Rewards.debug.xcconfig */ = {isa = PBXFileReference; includeInIndex = 1; lastKnownFileType = text.xcconfig; name = "Pods-Fetch Rewards.debug.xcconfig"; path = "Target Support Files/Pods-Fetch Rewards/Pods-Fetch Rewards.debug.xcconfig"; sourceTree = "<group>"; };
		D9E2387A9D22F7D4EA1EE1DC /* Pods-Fetch Rewards.release.xcconfig */ = {isa = PBXFileReference; includeInIndex = 1; lastKnownFileType = text.xcconfig; name = "Pods-Fetch Rewards.release.xcconfig"; path = "Target Support Files/Pods-Fetch Rewards/Pods-Fetch Rewards.release.xcconfig"; sourceTree = "<group>"; };
		E8A213E059A8E9D12023B0DE /* Pods_Fetch_Rewards.framework */ = {isa = PBXFileReference; explicitFileType = wrapper.framework; includeInIndex = 0; path = Pods_Fetch_Rewards.framework; sourceTree = BUILT_PRODUCTS_DIR; };
/* End PBXFileReference section */

/* Begin PBXFrameworksBuildPhase section */
		06DA1D66258C039C00AD2BD1 /* Frameworks */ = {
			isa = PBXFrameworksBuildPhase;
			buildActionMask = 2147483647;
			files = (
				3440C3B0A98E7B371B692786 /* Pods_Fetch_Rewards.framework in Frameworks */,
			);
			runOnlyForDeploymentPostprocessing = 0;
		};
/* End PBXFrameworksBuildPhase section */

/* Begin PBXGroup section */
		0630AACD259D2BC800DF7667 /* Event */ = {
			isa = PBXGroup;
			children = (
				0630AACE259D2BDF00DF7667 /* EventViewController.swift */,
				0630AAD2259D2BEE00DF7667 /* EventView.swift */,
			);
			path = Event;
			sourceTree = "<group>";
		};
		0630AAD6259D50D500DF7667 /* Network */ = {
			isa = PBXGroup;
			children = (
				0630ABBB25A1C9DD00DF7667 /* FirebaseLayer.swift */,
			);
			path = Network;
			sourceTree = "<group>";
		};
		0630AADB259D51C300DF7667 /* Model */ = {
			isa = PBXGroup;
			children = (
				0630ABB825A1906500DF7667 /* APIResult.swift */,
			);
			path = Model;
			sourceTree = "<group>";
		};
		06DA1D60258C039C00AD2BD1 = {
			isa = PBXGroup;
			children = (
				06DA1D6B258C039C00AD2BD1 /* Fetch Rewards */,
				06DA1D6A258C039C00AD2BD1 /* Products */,
				F9D1FA0A595ABC6A866DB201 /* Pods */,
				74F047CBC905160A1802A8AA /* Frameworks */,
			);
			sourceTree = "<group>";
		};
		06DA1D6A258C039C00AD2BD1 /* Products */ = {
			isa = PBXGroup;
			children = (
				06DA1D69258C039C00AD2BD1 /* Fetch Rewards.app */,
			);
			name = Products;
			sourceTree = "<group>";
		};
		06DA1D6B258C039C00AD2BD1 /* Fetch Rewards */ = {
			isa = PBXGroup;
			children = (
				0630AADB259D51C300DF7667 /* Model */,
				0630AAD6259D50D500DF7667 /* Network */,
				06DA1D81258C942B00AD2BD1 /* View Controllers */,
				06F6E190258E074500CD48CC /* Views */,
				06DA1D84258C957500AD2BD1 /* Extensions */,
				06DA1D6C258C039C00AD2BD1 /* AppDelegate.swift */,
				06DA1D6E258C039C00AD2BD1 /* SceneDelegate.swift */,
				06DA1D72258C039C00AD2BD1 /* Main.storyboard */,
				06DA1D75258C039D00AD2BD1 /* Assets.xcassets */,
				06DA1D77258C039D00AD2BD1 /* LaunchScreen.storyboard */,
				06DA1D7A258C039D00AD2BD1 /* Info.plist */,
				0630AB0325A155C900DF7667 /* GoogleService-Info.plist */,
			);
			path = "Fetch Rewards";
			sourceTree = "<group>";
		};
		06DA1D80258C942400AD2BD1 /* Home */ = {
			isa = PBXGroup;
			children = (
				06DA1D70258C039C00AD2BD1 /* HomeViewController.swift */,
				06DA1D82258C944100AD2BD1 /* HomeView.swift */,
				0630ABE825A40CC900DF7667 /* EventDataSource.swift */,
			);
			path = Home;
			sourceTree = "<group>";
		};
		06DA1D81258C942B00AD2BD1 /* View Controllers */ = {
			isa = PBXGroup;
			children = (
				06DA1D80258C942400AD2BD1 /* Home */,
				0630AACD259D2BC800DF7667 /* Event */,
			);
			path = "View Controllers";
			sourceTree = "<group>";
		};
		06DA1D84258C957500AD2BD1 /* Extensions */ = {
			isa = PBXGroup;
			children = (
				0630ABBF25A3FB4000DF7667 /* JSONDecoder+Extension.swift */,
				06DA1D87258CA83400AD2BD1 /* Extension+UIView.swift */,
				0630AAC7259009B400DF7667 /* Extension+CALayer.swift */,
				0630AACA25900C4600DF7667 /* Extension+UIColor.swift */,
			);
			path = Extensions;
			sourceTree = "<group>";
		};
		06F6E190258E074500CD48CC /* Views */ = {
			isa = PBXGroup;
			children = (
				0630AAFF25A0540D00DF7667 /* AlphaLayerView.swift */,
				06F6E191258E075300CD48CC /* EventCell */,
			);
			path = Views;
			sourceTree = "<group>";
		};
		06F6E191258E075300CD48CC /* EventCell */ = {
			isa = PBXGroup;
			children = (
				06F6E192258E078B00CD48CC /* EventCell.swift */,
			);
			path = EventCell;
			sourceTree = "<group>";
		};
		74F047CBC905160A1802A8AA /* Frameworks */ = {
			isa = PBXGroup;
			children = (
				E8A213E059A8E9D12023B0DE /* Pods_Fetch_Rewards.framework */,
			);
			name = Frameworks;
			sourceTree = "<group>";
		};
		F9D1FA0A595ABC6A866DB201 /* Pods */ = {
			isa = PBXGroup;
			children = (
				42BAF41AD3D426CD88432E19 /* Pods-Fetch Rewards.debug.xcconfig */,
				D9E2387A9D22F7D4EA1EE1DC /* Pods-Fetch Rewards.release.xcconfig */,
			);
			path = Pods;
			sourceTree = "<group>";
		};
/* End PBXGroup section */

/* Begin PBXNativeTarget section */
		06DA1D68258C039C00AD2BD1 /* Fetch Rewards */ = {
			isa = PBXNativeTarget;
			buildConfigurationList = 06DA1D7D258C039D00AD2BD1 /* Build configuration list for PBXNativeTarget "Fetch Rewards" */;
			buildPhases = (
				73E69573122F007F8F514202 /* [CP] Check Pods Manifest.lock */,
				06DA1D65258C039C00AD2BD1 /* Sources */,
				06DA1D66258C039C00AD2BD1 /* Frameworks */,
				06DA1D67258C039C00AD2BD1 /* Resources */,
				7A656C313E1F51055D00D794 /* [CP] Embed Pods Frameworks */,
			);
			buildRules = (
			);
			dependencies = (
			);
			name = "Fetch Rewards";
			productName = "Fetch Rewards";
			productReference = 06DA1D69258C039C00AD2BD1 /* Fetch Rewards.app */;
			productType = "com.apple.product-type.application";
		};
/* End PBXNativeTarget section */

/* Begin PBXProject section */
		06DA1D61258C039C00AD2BD1 /* Project object */ = {
			isa = PBXProject;
			attributes = {
				LastSwiftUpdateCheck = 1170;
				LastUpgradeCheck = 1220;
				ORGANIZATIONNAME = "Edvin Lellhame";
				TargetAttributes = {
					06DA1D68258C039C00AD2BD1 = {
						CreatedOnToolsVersion = 11.7;
					};
				};
			};
			buildConfigurationList = 06DA1D64258C039C00AD2BD1 /* Build configuration list for PBXProject "Fetch Rewards" */;
			compatibilityVersion = "Xcode 9.3";
			developmentRegion = en;
			hasScannedForEncodings = 0;
			knownRegions = (
				en,
				Base,
			);
			mainGroup = 06DA1D60258C039C00AD2BD1;
			productRefGroup = 06DA1D6A258C039C00AD2BD1 /* Products */;
			projectDirPath = "";
			projectRoot = "";
			targets = (
				06DA1D68258C039C00AD2BD1 /* Fetch Rewards */,
			);
		};
/* End PBXProject section */

/* Begin PBXResourcesBuildPhase section */
		06DA1D67258C039C00AD2BD1 /* Resources */ = {
			isa = PBXResourcesBuildPhase;
			buildActionMask = 2147483647;
			files = (
				06DA1D79258C039D00AD2BD1 /* LaunchScreen.storyboard in Resources */,
				0630AB0425A155C900DF7667 /* GoogleService-Info.plist in Resources */,
				06DA1D76258C039D00AD2BD1 /* Assets.xcassets in Resources */,
				06DA1D74258C039C00AD2BD1 /* Main.storyboard in Resources */,
			);
			runOnlyForDeploymentPostprocessing = 0;
		};
/* End PBXResourcesBuildPhase section */

/* Begin PBXShellScriptBuildPhase section */
		73E69573122F007F8F514202 /* [CP] Check Pods Manifest.lock */ = {
			isa = PBXShellScriptBuildPhase;
			buildActionMask = 2147483647;
			files = (
			);
			inputFileListPaths = (
			);
			inputPaths = (
				"${PODS_PODFILE_DIR_PATH}/Podfile.lock",
				"${PODS_ROOT}/Manifest.lock",
			);
			name = "[CP] Check Pods Manifest.lock";
			outputFileListPaths = (
			);
			outputPaths = (
				"$(DERIVED_FILE_DIR)/Pods-Fetch Rewards-checkManifestLockResult.txt",
			);
			runOnlyForDeploymentPostprocessing = 0;
			shellPath = /bin/sh;
			shellScript = "diff \"${PODS_PODFILE_DIR_PATH}/Podfile.lock\" \"${PODS_ROOT}/Manifest.lock\" > /dev/null\nif [ $? != 0 ] ; then\n    # print error to STDERR\n    echo \"error: The sandbox is not in sync with the Podfile.lock. Run 'pod install' or update your CocoaPods installation.\" >&2\n    exit 1\nfi\n# This output is used by Xcode 'outputs' to avoid re-running this script phase.\necho \"SUCCESS\" > \"${SCRIPT_OUTPUT_FILE_0}\"\n";
			showEnvVarsInLog = 0;
		};
		7A656C313E1F51055D00D794 /* [CP] Embed Pods Frameworks */ = {
			isa = PBXShellScriptBuildPhase;
			buildActionMask = 2147483647;
			files = (
			);
			inputFileListPaths = (
				"${PODS_ROOT}/Target Support Files/Pods-Fetch Rewards/Pods-Fetch Rewards-frameworks-${CONFIGURATION}-input-files.xcfilelist",
			);
			name = "[CP] Embed Pods Frameworks";
			outputFileListPaths = (
				"${PODS_ROOT}/Target Support Files/Pods-Fetch Rewards/Pods-Fetch Rewards-frameworks-${CONFIGURATION}-output-files.xcfilelist",
			);
			runOnlyForDeploymentPostprocessing = 0;
			shellPath = /bin/sh;
			shellScript = "\"${PODS_ROOT}/Target Support Files/Pods-Fetch Rewards/Pods-Fetch Rewards-frameworks.sh\"\n";
			showEnvVarsInLog = 0;
		};
/* End PBXShellScriptBuildPhase section */

/* Begin PBXSourcesBuildPhase section */
		06DA1D65258C039C00AD2BD1 /* Sources */ = {
			isa = PBXSourcesBuildPhase;
			buildActionMask = 2147483647;
			files = (
				0630AAC8259009B400DF7667 /* Extension+CALayer.swift in Sources */,
				06DA1D71258C039C00AD2BD1 /* HomeViewController.swift in Sources */,
				06DA1D83258C944100AD2BD1 /* HomeView.swift in Sources */,
				0630ABC025A3FB4000DF7667 /* JSONDecoder+Extension.swift in Sources */,
				06DA1D88258CA83400AD2BD1 /* Extension+UIView.swift in Sources */,
				0630ABB925A1906500DF7667 /* APIResult.swift in Sources */,
				0630ABE925A40CC900DF7667 /* EventDataSource.swift in Sources */,
				0630ABBC25A1C9DD00DF7667 /* FirebaseLayer.swift in Sources */,
				06DA1D6D258C039C00AD2BD1 /* AppDelegate.swift in Sources */,
				0630AACF259D2BDF00DF7667 /* EventViewController.swift in Sources */,
				06F6E193258E078B00CD48CC /* EventCell.swift in Sources */,
				0630AB0025A0540D00DF7667 /* AlphaLayerView.swift in Sources */,
				06DA1D6F258C039C00AD2BD1 /* SceneDelegate.swift in Sources */,
				0630AACB25900C4600DF7667 /* Extension+UIColor.swift in Sources */,
				0630AAD3259D2BEE00DF7667 /* EventView.swift in Sources */,
			);
			runOnlyForDeploymentPostprocessing = 0;
		};
/* End PBXSourcesBuildPhase section */

/* Begin PBXVariantGroup section */
		06DA1D72258C039C00AD2BD1 /* Main.storyboard */ = {
			isa = PBXVariantGroup;
			children = (
				06DA1D73258C039C00AD2BD1 /* Base */,
			);
			name = Main.storyboard;
			sourceTree = "<group>";
		};
		06DA1D77258C039D00AD2BD1 /* LaunchScreen.storyboard */ = {
			isa = PBXVariantGroup;
			children = (
				06DA1D78258C039D00AD2BD1 /* Base */,
			);
			name = LaunchScreen.storyboard;
			sourceTree = "<group>";
		};
/* End PBXVariantGroup section */

/* Begin XCBuildConfiguration section */
		06DA1D7B258C039D00AD2BD1 /* Debug */ = {
			isa = XCBuildConfiguration;
			buildSettings = {
				ALWAYS_SEARCH_USER_PATHS = NO;
				CLANG_ANALYZER_NONNULL = YES;
				CLANG_ANALYZER_NUMBER_OBJECT_CONVERSION = YES_AGGRESSIVE;
				CLANG_CXX_LANGUAGE_STANDARD = "gnu++14";
				CLANG_CXX_LIBRARY = "libc++";
				CLANG_ENABLE_MODULES = YES;
				CLANG_ENABLE_OBJC_ARC = YES;
				CLANG_ENABLE_OBJC_WEAK = YES;
				CLANG_WARN_BLOCK_CAPTURE_AUTORELEASING = YES;
				CLANG_WARN_BOOL_CONVERSION = YES;
				CLANG_WARN_COMMA = YES;
				CLANG_WARN_CONSTANT_CONVERSION = YES;
				CLANG_WARN_DEPRECATED_OBJC_IMPLEMENTATIONS = YES;
				CLANG_WARN_DIRECT_OBJC_ISA_USAGE = YES_ERROR;
				CLANG_WARN_DOCUMENTATION_COMMENTS = YES;
				CLANG_WARN_EMPTY_BODY = YES;
				CLANG_WARN_ENUM_CONVERSION = YES;
				CLANG_WARN_INFINITE_RECURSION = YES;
				CLANG_WARN_INT_CONVERSION = YES;
				CLANG_WARN_NON_LITERAL_NULL_CONVERSION = YES;
				CLANG_WARN_OBJC_IMPLICIT_RETAIN_SELF = YES;
				CLANG_WARN_OBJC_LITERAL_CONVERSION = YES;
				CLANG_WARN_OBJC_ROOT_CLASS = YES_ERROR;
				CLANG_WARN_QUOTED_INCLUDE_IN_FRAMEWORK_HEADER = YES;
				CLANG_WARN_RANGE_LOOP_ANALYSIS = YES;
				CLANG_WARN_STRICT_PROTOTYPES = YES;
				CLANG_WARN_SUSPICIOUS_MOVE = YES;
				CLANG_WARN_UNGUARDED_AVAILABILITY = YES_AGGRESSIVE;
				CLANG_WARN_UNREACHABLE_CODE = YES;
				CLANG_WARN__DUPLICATE_METHOD_MATCH = YES;
				COPY_PHASE_STRIP = NO;
				DEBUG_INFORMATION_FORMAT = dwarf;
				ENABLE_STRICT_OBJC_MSGSEND = YES;
				ENABLE_TESTABILITY = YES;
				GCC_C_LANGUAGE_STANDARD = gnu11;
				GCC_DYNAMIC_NO_PIC = NO;
				GCC_NO_COMMON_BLOCKS = YES;
				GCC_OPTIMIZATION_LEVEL = 0;
				GCC_PREPROCESSOR_DEFINITIONS = (
					"DEBUG=1",
					"$(inherited)",
				);
				GCC_WARN_64_TO_32_BIT_CONVERSION = YES;
				GCC_WARN_ABOUT_RETURN_TYPE = YES_ERROR;
				GCC_WARN_UNDECLARED_SELECTOR = YES;
				GCC_WARN_UNINITIALIZED_AUTOS = YES_AGGRESSIVE;
				GCC_WARN_UNUSED_FUNCTION = YES;
				GCC_WARN_UNUSED_VARIABLE = YES;
				IPHONEOS_DEPLOYMENT_TARGET = 13.7;
				MTL_ENABLE_DEBUG_INFO = INCLUDE_SOURCE;
				MTL_FAST_MATH = YES;
				ONLY_ACTIVE_ARCH = YES;
				SDKROOT = iphoneos;
				SWIFT_ACTIVE_COMPILATION_CONDITIONS = DEBUG;
				SWIFT_OPTIMIZATION_LEVEL = "-Onone";
			};
			name = Debug;
		};
		06DA1D7C258C039D00AD2BD1 /* Release */ = {
			isa = XCBuildConfiguration;
			buildSettings = {
				ALWAYS_SEARCH_USER_PATHS = NO;
				CLANG_ANALYZER_NONNULL = YES;
				CLANG_ANALYZER_NUMBER_OBJECT_CONVERSION = YES_AGGRESSIVE;
				CLANG_CXX_LANGUAGE_STANDARD = "gnu++14";
				CLANG_CXX_LIBRARY = "libc++";
				CLANG_ENABLE_MODULES = YES;
				CLANG_ENABLE_OBJC_ARC = YES;
				CLANG_ENABLE_OBJC_WEAK = YES;
				CLANG_WARN_BLOCK_CAPTURE_AUTORELEASING = YES;
				CLANG_WARN_BOOL_CONVERSION = YES;
				CLANG_WARN_COMMA = YES;
				CLANG_WARN_CONSTANT_CONVERSION = YES;
				CLANG_WARN_DEPRECATED_OBJC_IMPLEMENTATIONS = YES;
				CLANG_WARN_DIRECT_OBJC_ISA_USAGE = YES_ERROR;
				CLANG_WARN_DOCUMENTATION_COMMENTS = YES;
				CLANG_WARN_EMPTY_BODY = YES;
				CLANG_WARN_ENUM_CONVERSION = YES;
				CLANG_WARN_INFINITE_RECURSION = YES;
				CLANG_WARN_INT_CONVERSION = YES;
				CLANG_WARN_NON_LITERAL_NULL_CONVERSION = YES;
				CLANG_WARN_OBJC_IMPLICIT_RETAIN_SELF = YES;
				CLANG_WARN_OBJC_LITERAL_CONVERSION = YES;
				CLANG_WARN_OBJC_ROOT_CLASS = YES_ERROR;
				CLANG_WARN_QUOTED_INCLUDE_IN_FRAMEWORK_HEADER = YES;
				CLANG_WARN_RANGE_LOOP_ANALYSIS = YES;
				CLANG_WARN_STRICT_PROTOTYPES = YES;
				CLANG_WARN_SUSPICIOUS_MOVE = YES;
				CLANG_WARN_UNGUARDED_AVAILABILITY = YES_AGGRESSIVE;
				CLANG_WARN_UNREACHABLE_CODE = YES;
				CLANG_WARN__DUPLICATE_METHOD_MATCH = YES;
				COPY_PHASE_STRIP = NO;
				DEBUG_INFORMATION_FORMAT = "dwarf-with-dsym";
				ENABLE_NS_ASSERTIONS = NO;
				ENABLE_STRICT_OBJC_MSGSEND = YES;
				GCC_C_LANGUAGE_STANDARD = gnu11;
				GCC_NO_COMMON_BLOCKS = YES;
				GCC_WARN_64_TO_32_BIT_CONVERSION = YES;
				GCC_WARN_ABOUT_RETURN_TYPE = YES_ERROR;
				GCC_WARN_UNDECLARED_SELECTOR = YES;
				GCC_WARN_UNINITIALIZED_AUTOS = YES_AGGRESSIVE;
				GCC_WARN_UNUSED_FUNCTION = YES;
				GCC_WARN_UNUSED_VARIABLE = YES;
				IPHONEOS_DEPLOYMENT_TARGET = 13.7;
				MTL_ENABLE_DEBUG_INFO = NO;
				MTL_FAST_MATH = YES;
				SDKROOT = iphoneos;
				SWIFT_COMPILATION_MODE = wholemodule;
				SWIFT_OPTIMIZATION_LEVEL = "-O";
				VALIDATE_PRODUCT = YES;
			};
			name = Release;
		};
		06DA1D7E258C039D00AD2BD1 /* Debug */ = {
			isa = XCBuildConfiguration;
			baseConfigurationReference = 42BAF41AD3D426CD88432E19 /* Pods-Fetch Rewards.debug.xcconfig */;
			buildSettings = {
				ASSETCATALOG_COMPILER_APPICON_NAME = AppIcon;
				CODE_SIGN_STYLE = Automatic;
				DEVELOPMENT_TEAM = Z928ALPHEA;
				INFOPLIST_FILE = "Fetch Rewards/Info.plist";
				LD_RUNPATH_SEARCH_PATHS = (
					"$(inherited)",
					"@executable_path/Frameworks",
				);
				PRODUCT_BUNDLE_IDENTIFIER = "com.edvinlellhame.Fetch-Rewards";
				PRODUCT_NAME = "$(TARGET_NAME)";
				SWIFT_VERSION = 5.0;
				TARGETED_DEVICE_FAMILY = "1,2";
			};
			name = Debug;
		};
		06DA1D7F258C039D00AD2BD1 /* Release */ = {
			isa = XCBuildConfiguration;
			baseConfigurationReference = D9E2387A9D22F7D4EA1EE1DC /* Pods-Fetch Rewards.release.xcconfig */;
			buildSettings = {
				ASSETCATALOG_COMPILER_APPICON_NAME = AppIcon;
				CODE_SIGN_STYLE = Automatic;
				DEVELOPMENT_TEAM = Z928ALPHEA;
				INFOPLIST_FILE = "Fetch Rewards/Info.plist";
				LD_RUNPATH_SEARCH_PATHS = (
					"$(inherited)",
					"@executable_path/Frameworks",
				);
				PRODUCT_BUNDLE_IDENTIFIER = "com.edvinlellhame.Fetch-Rewards";
				PRODUCT_NAME = "$(TARGET_NAME)";
				SWIFT_VERSION = 5.0;
				TARGETED_DEVICE_FAMILY = "1,2";
			};
			name = Release;
		};
/* End XCBuildConfiguration section */

/* Begin XCConfigurationList section */
		06DA1D64258C039C00AD2BD1 /* Build configuration list for PBXProject "Fetch Rewards" */ = {
			isa = XCConfigurationList;
			buildConfigurations = (
				06DA1D7B258C039D00AD2BD1 /* Debug */,
				06DA1D7C258C039D00AD2BD1 /* Release */,
			);
			defaultConfigurationIsVisible = 0;
			defaultConfigurationName = Release;
		};
		06DA1D7D258C039D00AD2BD1 /* Build configuration list for PBXNativeTarget "Fetch Rewards" */ = {
			isa = XCConfigurationList;
			buildConfigurations = (
				06DA1D7E258C039D00AD2BD1 /* Debug */,
				06DA1D7F258C039D00AD2BD1 /* Release */,
			);
			defaultConfigurationIsVisible = 0;
			defaultConfigurationName = Release;
		};
/* End XCConfigurationList section */
	};
	rootObject = 06DA1D61258C039C00AD2BD1 /* Project object */;
}
